
Microsoft Visual Studio Solution File, Format Version 12.00
# Visual Studio Version 16
VisualStudioVersion = 16.0.31702.278
MinimumVisualStudioVersion = 10.0.40219.1
Project("{FAE04EC0-301F-11D3-BF4B-00C04F79EFBC}") = "include-sample", "include-sample\include-sample.csproj", "{D800432A-3FEB-4856-95D8-32FD86A2FE6F}"
EndProject
Global
	GlobalSection(SolutionConfigurationPlatforms) = preSolution
		Debug|Any CPU = Debug|Any CPU
		Release|Any CPU = Release|Any CPU
	EndGlobalSection
	GlobalSection(ProjectConfigurationPlatforms) = postSolution
		{D800432A-3FEB-4856-95D8-32FD86A2FE6F}.Debug|Any CPU.ActiveCfg = Debug|Any CPU
		{D800432A-3FEB-4856-95D8-32FD86A2FE6F}.Debug|Any CPU.Build.0 = Debug|Any CPU
		{D800432A-3FEB-4856-95D8-32FD86A2FE6F}.Release|Any CPU.ActiveCfg = Release|Any CPU
		{D800432A-3FEB-4856-95D8-32FD86A2FE6F}.Release|Any CPU.Build.0 = Release|Any CPU
	EndGlobalSection
	GlobalSection(SolutionProperties) = preSolution
		HideSolutionNode = FALSE
	EndGlobalSection
	GlobalSection(ExtensibilityGlobals) = postSolution
		SolutionGuid = {5CCA0FC3-E93A-41AD-B344-C8CF3BCCD3C6}
	EndGlobalSection
EndGlobal
